
Microsoft Visual Studio Solution File, Format Version 12.00
# Visual Studio Version 17
VisualStudioVersion = 17.6.33829.357
MinimumVisualStudioVersion = 10.0.40219.1
Project("{9A19103F-16F7-4668-BE54-9A1E7A4F7556}") = "cis_476_project", "cis_476_project.csproj", "{CA21B3F0-1DF0-4526-A832-31FAE3936537}"
EndProject
Global
	GlobalSection(SolutionConfigurationPlatforms) = preSolution
		Debug|Any CPU = Debug|Any CPU
		Release|Any CPU = Release|Any CPU
	EndGlobalSection
	GlobalSection(ProjectConfigurationPlatforms) = postSolution
		{CA21B3F0-1DF0-4526-A832-31FAE3936537}.Debug|Any CPU.ActiveCfg = Debug|Any CPU
		{CA21B3F0-1DF0-4526-A832-31FAE3936537}.Debug|Any CPU.Build.0 = Debug|Any CPU
		{CA21B3F0-1DF0-4526-A832-31FAE3936537}.Release|Any CPU.ActiveCfg = Release|Any CPU
		{CA21B3F0-1DF0-4526-A832-31FAE3936537}.Release|Any CPU.Build.0 = Release|Any CPU
	EndGlobalSection
	GlobalSection(SolutionProperties) = preSolution
		HideSolutionNode = FALSE
	EndGlobalSection
	GlobalSection(ExtensibilityGlobals) = postSolution
		SolutionGuid = {A2DF85EB-96EA-4397-8B42-F6A06D0BD0C6}
	EndGlobalSection
EndGlobal
